
Microsoft Visual Studio Solution File, Format Version 12.00
# Visual Studio Version 17
VisualStudioVersion = 17.6.33815.320
MinimumVisualStudioVersion = 10.0.40219.1
Project("{FAE04EC0-301F-11D3-BF4B-00C04F79EFBC}") = "SignPLAPI", "SignPLAPI.csproj", "{821D8C79-CD4C-4F58-89B9-A9559B29249C}"
EndProject
Project("{FAE04EC0-301F-11D3-BF4B-00C04F79EFBC}") = "SignPLAPI.Infrastructure", "..\SignPLAPI.Infrastructure\SignPLAPI.Infrastructure.csproj", "{F558003E-268A-4F42-A3EB-375460AC9FD8}"
EndProject
Project("{FAE04EC0-301F-11D3-BF4B-00C04F79EFBC}") = "SignPLAPI.Domain", "..\SignPLAPI.Domain\SignPLAPI.Domain.csproj", "{E73E2617-9772-44EC-ABB1-F7265BD206E7}"
EndProject
Project("{FAE04EC0-301F-11D3-BF4B-00C04F79EFBC}") = "SignPLAPI.Application", "..\SignPLAPI.Application\SignPLAPI.Application.csproj", "{0E732F05-B074-4D65-AD9E-61260A3FCAD8}"
EndProject
Project("{FAE04EC0-301F-11D3-BF4B-00C04F79EFBC}") = "SignPLAPI.Contracts", "..\SignPLAPI.Contracts\SignPLAPI.Contracts.csproj", "{1E67F5D9-87AF-4C16-BE30-E24A33FD4562}"
EndProject
Global
	GlobalSection(SolutionConfigurationPlatforms) = preSolution
		Debug|Any CPU = Debug|Any CPU
		Release|Any CPU = Release|Any CPU
	EndGlobalSection
	GlobalSection(ProjectConfigurationPlatforms) = postSolution
		{821D8C79-CD4C-4F58-89B9-A9559B29249C}.Debug|Any CPU.ActiveCfg = Debug|Any CPU
		{821D8C79-CD4C-4F58-89B9-A9559B29249C}.Debug|Any CPU.Build.0 = Debug|Any CPU
		{821D8C79-CD4C-4F58-89B9-A9559B29249C}.Release|Any CPU.ActiveCfg = Release|Any CPU
		{821D8C79-CD4C-4F58-89B9-A9559B29249C}.Release|Any CPU.Build.0 = Release|Any CPU
		{F558003E-268A-4F42-A3EB-375460AC9FD8}.Debug|Any CPU.ActiveCfg = Debug|Any CPU
		{F558003E-268A-4F42-A3EB-375460AC9FD8}.Debug|Any CPU.Build.0 = Debug|Any CPU
		{F558003E-268A-4F42-A3EB-375460AC9FD8}.Release|Any CPU.ActiveCfg = Release|Any CPU
		{F558003E-268A-4F42-A3EB-375460AC9FD8}.Release|Any CPU.Build.0 = Release|Any CPU
		{E73E2617-9772-44EC-ABB1-F7265BD206E7}.Debug|Any CPU.ActiveCfg = Debug|Any CPU
		{E73E2617-9772-44EC-ABB1-F7265BD206E7}.Debug|Any CPU.Build.0 = Debug|Any CPU
		{E73E2617-9772-44EC-ABB1-F7265BD206E7}.Release|Any CPU.ActiveCfg = Release|Any CPU
		{E73E2617-9772-44EC-ABB1-F7265BD206E7}.Release|Any CPU.Build.0 = Release|Any CPU
		{0E732F05-B074-4D65-AD9E-61260A3FCAD8}.Debug|Any CPU.ActiveCfg = Debug|Any CPU
		{0E732F05-B074-4D65-AD9E-61260A3FCAD8}.Debug|Any CPU.Build.0 = Debug|Any CPU
		{0E732F05-B074-4D65-AD9E-61260A3FCAD8}.Release|Any CPU.ActiveCfg = Release|Any CPU
		{0E732F05-B074-4D65-AD9E-61260A3FCAD8}.Release|Any CPU.Build.0 = Release|Any CPU
		{1E67F5D9-87AF-4C16-BE30-E24A33FD4562}.Debug|Any CPU.ActiveCfg = Debug|Any CPU
		{1E67F5D9-87AF-4C16-BE30-E24A33FD4562}.Debug|Any CPU.Build.0 = Debug|Any CPU
		{1E67F5D9-87AF-4C16-BE30-E24A33FD4562}.Release|Any CPU.ActiveCfg = Release|Any CPU
		{1E67F5D9-87AF-4C16-BE30-E24A33FD4562}.Release|Any CPU.Build.0 = Release|Any CPU
	EndGlobalSection
	GlobalSection(SolutionProperties) = preSolution
		HideSolutionNode = FALSE
	EndGlobalSection
	GlobalSection(ExtensibilityGlobals) = postSolution
		SolutionGuid = {FEEDFF15-3C2B-4673-A065-78EF52DA1AAE}
	EndGlobalSection
EndGlobal
